
Microsoft Visual Studio Solution File, Format Version 12.00
# Visual Studio Version 17
VisualStudioVersion = 17.11.35312.102
MinimumVisualStudioVersion = 10.0.40219.1
Project("{FAE04EC0-301F-11D3-BF4B-00C04F79EFBC}") = "WpfMenusToolBarsApp", "WpfMenusToolBarsApp\WpfMenusToolBarsApp.csproj", "{EAC9BF2E-1184-42A4-BDF6-2486A7971158}"
EndProject
Global
	GlobalSection(SolutionConfigurationPlatforms) = preSolution
		Debug|Any CPU = Debug|Any CPU
		Release|Any CPU = Release|Any CPU
	EndGlobalSection
	GlobalSection(ProjectConfigurationPlatforms) = postSolution
		{EAC9BF2E-1184-42A4-BDF6-2486A7971158}.Debug|Any CPU.ActiveCfg = Debug|Any CPU
		{EAC9BF2E-1184-42A4-BDF6-2486A7971158}.Debug|Any CPU.Build.0 = Debug|Any CPU
		{EAC9BF2E-1184-42A4-BDF6-2486A7971158}.Release|Any CPU.ActiveCfg = Release|Any CPU
		{EAC9BF2E-1184-42A4-BDF6-2486A7971158}.Release|Any CPU.Build.0 = Release|Any CPU
	EndGlobalSection
	GlobalSection(SolutionProperties) = preSolution
		HideSolutionNode = FALSE
	EndGlobalSection
	GlobalSection(ExtensibilityGlobals) = postSolution
		SolutionGuid = {521EA0B2-B9F7-4006-BC4E-2DB1865868F8}
	EndGlobalSection
EndGlobal
